github.com/Netflix/go-expect v0.0.0-20180928190340-9d1f4485533b h1:sSQK05nvxs4UkgCJaxihteu+r+6ela3dNMm7NVmsS3c=
github.com/Netflix/go-expect v0.0.0-20180928190340-9d1f4485533b/go.mod h1:oX5x61PbNXchhh0oikYAH+4Pcfw5LKv21+Jnpr6r6Pc=
github.com/blang/semver v3.5.1+incompatible h1:cQNTCjp13qL8KC3Nbxr/y2Bqb63oX6wdnnjpJbkM4JQ=
github.com/blang/semver v3.5.1+incompatible/go.mod h1:kRBLl5iJ+tD4TcOOxsy/0fnwebNt5EWlYSAyrTnjyyk=
github.com/davecgh/go-spew v1.1.0 h1:ZDRjVQ15GmhC3fiQ8ni8+OwkZQO4DARzQgrnXU1Liz8=
github.com/davecgh/go-spew v1.1.0/go.mod h1:J7Y8YcW2NihsgmVo/mv3lAwl/skON4iLHjSsI+c5H38=
github.com/docker/cli v0.0.0-20190506213505-d88565df0c2d h1:qdD+BtyCE1XXpDyhvn0yZVcZOLILdj9Cw4pKu0kQbPQ=
github.com/docker/cli v0.0.0-20190506213505-d88565df0c2d/go.mod h1:JLrzqnKDaYBop7H2jaqPtU4hHvMKP+vjCwu2uszcLI8=
github.com/eiannone/keyboard v0.0.0-20190314115158-7169d0afeb4f h1:UnS2RJ1y4KXbupaWRmMIkfFE9IBW//FiSCfTnHTsErI=
github.com/eiannone/keyboard v0.0.0-20190314115158-7169d0afeb4f/go.mod h1:Xoiu5VdKMvbRgHuY7+z64lhu/7lvax/22nzASF6GrO8=
github.com/fsnotify/fsnotify v1.4.7 h1:IXs+QLmnXW2CcXuY+8Mzv/fWEsPGWxqefPtCP5CnV9I=
github.com/fsnotify/fsnotify v1.4.7/go.mod h1:jwhsz4b93w/PPRr/qN1Yymfu8t87LnFCMoQvtojpjFo=
github.com/go-test/deep v1.0.1/go.mod h1:wGDj63lr65AM2AQyKZd/NYHGb0R+1RLqB8NKt3aSFNA=
github.com/gorilla/websocket v1.4.0 h1:WDFjx/TMzVgy9VdMMQi2K2Emtwi2QcUQsztZ/zLaH/Q=
github.com/gorilla/websocket v1.4.0/go.mod h1:E7qHFY5m1UJ88s3WnNqhKjPHQ0heANvMoAMk2YaljkQ=
github.com/hinshun/vt10x v0.0.0-20180809195222-d55458df857c h1:kp3AxgXgDOmIJFR7bIwqFhwJ2qWar8tEQSE5XXhCfVk=
github.com/hinshun/vt10x v0.0.0-20180809195222-d55458df857c/go.mod h1:DqJ97dSdRW1W22yXSB90986pcOyQ7r45iio1KN2ez1A=
github.com/inconshreveable/mousetrap v1.0.0 h1:Z8tu5sraLXCXIcARxBp/8cbvlwVa7Z1NHg9XEKhtSvM=
github.com/inconshreveable/mousetrap v1.0.0/go.mod h1:PxqpIevigyE2G7u3NXJIT2ANytuPF1OarO4DADm73n8=
github.com/jaicewizard/tt v0.5.3 h1:mPWyG9q6gXqsrQIK+gb2VvytIb71ZrfyPLf8LLPBB1E=
github.com/jaicewizard/tt v0.5.3/go.mod h1:uv2FsF00xSK0HBGToyi/pM3P35ULMkNt7YMbCaUs+es=
github.com/kballard/go-shellquote v0.0.0-20180428030007-95032a82bc51 h1:Z9n2FFNUXsshfwJMBgNA0RU6/i7WVaAegv3PtuIHPMs=
github.com/kballard/go-shellquote v0.0.0-20180428030007-95032a82bc51/go.mod h1:CzGEWj7cYgsdH8dAjBGEr58BoE7ScuLd+fwFZ44+/x8=
github.com/kirsle/configdir v0.0.0-20170128060238-e45d2f54772f h1:dKccXx7xA56UNqOcFIbuqFjAWPVtP688j5QMgmo6OHU=
github.com/kirsle/configdir v0.0.0-20170128060238-e45d2f54772f/go.mod h1:4rEELDSfUAlBSyUjPG0JnaNGjf13JySHFeRdD/3dLP0=
github.com/kr/pty v1.1.1 h1:VkoXIwSboBpnk99O/KFauAEILuNHv5DVFKZMBN/gUgw=
github.com/kr/pty v1.1.1/go.mod h1:pFQYn66WHrOpPYNljwOMqo10TkYh1fy3cYio2l3bCsQ=
github.com/lucacasonato/goterm v0.0.0-20190521161603-32e77845cca1 h1:mj78wG0Hg38AGaPULtdowngjC5VRUcGyY/RMhOTvb3M=
github.com/lucacasonato/goterm v0.0.0-20190521161603-32e77845cca1/go.mod h1:gg0yLKNpJyz+VdeZQM96ZmkFH20D3fPqMv7ug9onyxQ=
github.com/lucacasonato/goterm v0.0.0-20190521161903-c8362851c682 h1:bUCV6V08zAQcaUz2X+Ir6onHqB0iQe4dxWFy+szoxjg=
github.com/lucacasonato/goterm v0.0.0-20190521161903-c8362851c682/go.mod h1:gg0yLKNpJyz+VdeZQM96ZmkFH20D3fPqMv7ug9onyxQ=
github.com/mattn/go-colorable v0.1.1 h1:G1f5SKeVxmagw/IyvzvtZE4Gybcc4Tr1tf7I8z0XgOg=
github.com/mattn/go-colorable v0.1.1/go.mod h1:FuOcm+DKB9mbwrcAfNl7/TZVBZ6rcnceauSikq3lYCQ=
github.com/mattn/go-isatty v0.0.5/go.mod h1:Iq45c/XA43vh69/j3iqttzPXn0bhXyGjM0Hdxcsrc5s=
github.com/mattn/go-isatty v0.0.7 h1:UvyT9uN+3r7yLEYSlJsbQGdsaB/a0DlgWP3pql6iwOc=
github.com/mattn/go-isatty v0.0.7/go.mod h1:Iq45c/XA43vh69/j3iqttzPXn0bhXyGjM0Hdxcsrc5s=
github.com/mgutz/ansi v0.0.0-20170206155736-9520e82c474b h1:j7+1HpAFS1zy5+Q4qx1fWh90gTKwiN4QCGoY9TWyyO4=
github.com/mgutz/ansi v0.0.0-20170206155736-9520e82c474b/go.mod h1:01TrycV0kFyexm33Z7vhZRXopbI8J3TDReVlkTgMUxE=
github.com/pmezard/go-difflib v1.0.0 h1:4DBwDE0NGyQoBHbLQYPwSUPoCMWR5BEzIk/f1lZbAQM=
github.com/pmezard/go-difflib v1.0.0/go.mod h1:iKH77koFhYxTK1pcRnkKkqfTogsbg7gZNVY4sRDYZ/4=
github.com/spf13/cobra v0.0.3 h1:ZlrZ4XsMRm04Fr5pSFxBgfND2EBVa1nLpiy1stUsX/8=
github.com/spf13/cobra v0.0.3/go.mod h1:1l0Ry5zgKvJasoi3XT1TypsSe7PqH0Sj9dhYf7v3XqQ=
github.com/spf13/pflag v1.0.3 h1:zPAT6CGy6wXeQ7NtTnaTerfKOsV6V6F8agHXFiazDkg=
github.com/spf13/pflag v1.0.3/go.mod h1:DYY7MBk1bdzusC3SYhjObp+wFpr4gzcvqqNjLnInEg4=
github.com/stretchr/objx v0.1.0/go.mod h1:HFkY916IF+rwdDfMAkV7OtwuqBVzrE8GR6GFx+wExME=
github.com/stretchr/testify v1.3.0 h1:TivCn/peBQ7UY8ooIcPgZFpTNSz0Q2U6UrFlUfqbe0Q=
github.com/stretchr/testify v1.3.0/go.mod h1:M5WIy9Dh21IEIfnGCwXGc5bZfKNJtfHm1UVUgZn+9EI=
gitlab.com/antipy/antibuild/api v0.11.1-0.20190506161119-c9b12a1dff31 h1:V5M1GpdiK3Byd7zu7UV1gT/a/PE80bL1cO1mCz/ul2A=
gitlab.com/antipy/antibuild/api v0.11.1-0.20190506161119-c9b12a1dff31/go.mod h1:JUyvnEFHSSqYGfDnJ5vZPashERgVdPJ/mq6YcrwMFbo=
gitlab.com/antipy/antibuild/api v0.11.1-0.20190507000620-170946e8462e h1:XsLT/o+0RTCaAtMFwzISZqoDrsSR2BuWnjr2gIqSNcs=
gitlab.com/antipy/antibuild/api v0.11.1-0.20190507000620-170946e8462e/go.mod h1:JUyvnEFHSSqYGfDnJ5vZPashERgVdPJ/mq6YcrwMFbo=
gitlab.com/antipy/antibuild/api v0.11.1-0.20190507202738-e89f1294cbc8 h1:cuPeJ/jtTuIKF+6gVCEzrbAwVl2Q0T45QYnMctnKPME=
gitlab.com/antipy/antibuild/api v0.11.1-0.20190507202738-e89f1294cbc8/go.mod h1:JUyvnEFHSSqYGfDnJ5vZPashERgVdPJ/mq6YcrwMFbo=
gitlab.com/antipy/antibuild/api v0.12.0-beta2 h1:Unn8QJgC3nIXrEmS+EP4PSja3w8XtLdIa0LguCy8cbg=
gitlab.com/antipy/antibuild/api v0.12.0-beta2/go.mod h1:vABBm9a/hpaLYci8gWk8p0cKJuBMINCDH+y39/t2cUM=
gitlab.com/antipy/antibuild/api v0.13.0 h1:HHeM2lss5NydO2ZRXQAoV409EXK5hNmbCwNbKlq9r6g=
gitlab.com/antipy/antibuild/api v0.13.0/go.mod h1:JUyvnEFHSSqYGfDnJ5vZPashERgVdPJ/mq6YcrwMFbo=
gitlab.com/antipy/antibuild/std v0.11.0 h1:Ul8Kvf2Km6IOpbAdNcw18gpNQADWqhBpDpUfVB24qtI=
gitlab.com/antipy/antibuild/std v0.12.0-beta2.0.20190506161335-ae0edc3e7852 h1:0GvhlsbcgbMkbXtYJnN1JaYQnsi/oZitoe18/OL/+bI=
gitlab.com/antipy/antibuild/std v0.12.0-beta2.0.20190506161335-ae0edc3e7852/go.mod h1:MO8FpdY19UdDdEp2IN0ZD8mOAHJiYILnms0aSVpXsKw=
gitlab.com/antipy/antibuild/std v0.12.0-beta2.0.20190506173052-807b84478442 h1:DTg7+5cBCqDGYMPHexMtXabhJ6avIZLBoyBSohkHb/U=
gitlab.com/antipy/antibuild/std v0.12.0-beta2.0.20190506173052-807b84478442/go.mod h1:MO8FpdY19UdDdEp2IN0ZD8mOAHJiYILnms0aSVpXsKw=
gitlab.com/antipy/antibuild/std v0.12.0-beta2.0.20190506173929-9384741fd948 h1:2snN1wRnhgITieE8f8mdCbg46GGCgjvDxH5XcBMryoc=
gitlab.com/antipy/antibuild/std v0.12.0-beta2.0.20190506173929-9384741fd948/go.mod h1:MO8FpdY19UdDdEp2IN0ZD8mOAHJiYILnms0aSVpXsKw=
gitlab.com/antipy/antibuild/std/file v0.0.0-20190508204339-f2c6f3da0513 h1:hEMffoMR/3cRF79TC3MCWrFSmIbPSJLIxUcQbK/bASk=
gitlab.com/antipy/antibuild/std/file v0.0.0-20190508204339-f2c6f3da0513/go.mod h1:Fox6zsbMbIeu10n3dm3lMdUOyLsAA7QKYoVA/pT+p3E=
gitlab.com/antipy/antibuild/std/file v0.0.0-20190520114513-aced529fb864 h1:dKVLWs0yMm2FW+hs/muc7H28Xf3m5vp/ZnkKicw1amk=
gitlab.com/antipy/antibuild/std/file v0.0.0-20190520114513-aced529fb864/go.mod h1:Fox6zsbMbIeu10n3dm3lMdUOyLsAA7QKYoVA/pT+p3E=
gitlab.com/antipy/antibuild/std/file v0.13.0 h1:1Gaa1f/Cyv1R58bhkqNkMLLEbb4pMqPkzbdITZMYBkw=
gitlab.com/antipy/antibuild/std/file v0.13.0/go.mod h1:3px3hVGB0WxABQ8bFgYNRSolFwMVBMgv3rmG5MfKT1U=
gitlab.com/antipy/antibuild/std/json v0.0.0-20190508204339-f2c6f3da0513 h1:GEDlMv+p0xIo9iJKLYrLet9Up5AiRG6naB5YDqul94M=
gitlab.com/antipy/antibuild/std/json v0.0.0-20190508204339-f2c6f3da0513/go.mod h1:3VtyH8g54A7vqPlqKwaZObW1Zd11Imeyo0wGWkQgnjQ=
gitlab.com/antipy/antibuild/std/json v0.0.0-20190520114513-aced529fb864 h1:igO80O7isyVFDq90YRmQUjmtsfy4ywFmMpZWP04Du0w=
gitlab.com/antipy/antibuild/std/json v0.0.0-20190520114513-aced529fb864/go.mod h1:3VtyH8g54A7vqPlqKwaZObW1Zd11Imeyo0wGWkQgnjQ=
gitlab.com/antipy/antibuild/std/json v0.13.0 h1:sNZb6zQppn5WpTKfnYN1H744SNXg0tbfWC9lzYDzUB4=
gitlab.com/antipy/antibuild/std/json v0.13.0/go.mod h1:VEf1wc4Ok6ZKxUJVvLr10cJ8lUk2+qkYp87cMLPBOrM=
gitlab.com/antipy/antibuild/std/language v0.0.0-20190508204339-f2c6f3da0513 h1:EcOqWTOpm0j4vWUMBKA9h18HlI04RXQz0mzBTe0EF2s=
gitlab.com/antipy/antibuild/std/language v0.0.0-20190508204339-f2c6f3da0513/go.mod h1:m2BFsBxx6Z2fpY9hd+Asy2IMykn6zs/pBWnJkORbbJA=
gitlab.com/antipy/antibuild/std/language v0.0.0-20190520114513-aced529fb864 h1:e/z2xqnZ7p9riuV+dN03gZswaGDIwByDt5Sx8ELKKVA=
gitlab.com/antipy/antibuild/std/language v0.0.0-20190520114513-aced529fb864/go.mod h1:m2BFsBxx6Z2fpY9hd+Asy2IMykn6zs/pBWnJkORbbJA=
gitlab.com/antipy/antibuild/std/language v0.13.0 h1:esVRN4CV2hf3ms3ZU3X/XG3RBEX9QnKDkKTJLzVh+Kk=
gitlab.com/antipy/antibuild/std/language v0.13.0/go.mod h1:+/hp10xeOJX8JS85kzjWtcHcbtEJkC5TI2vcTC+TP8M=
gitlab.com/antipy/antibuild/std/markdown v0.0.0-20190508204339-f2c6f3da0513 h1:mfyC9HkrQphFlDLYcswBGmdVRU2YJKasBa7u9AbFqYk=
gitlab.com/antipy/antibuild/std/markdown v0.0.0-20190508204339-f2c6f3da0513/go.mod h1:y/buHSMzcfbObIl0APDt+apDVLgQm2m7n5VRqbpSA9s=
gitlab.com/antipy/antibuild/std/markdown v0.0.0-20190520114513-aced529fb864 h1:8rgaZ6VgyQg6Vzj701LUEwUNcnFPUsbpfdiCTGs0h60=
gitlab.com/antipy/antibuild/std/markdown v0.0.0-20190520114513-aced529fb864/go.mod h1:y/buHSMzcfbObIl0APDt+apDVLgQm2m7n5VRqbpSA9s=
gitlab.com/antipy/antibuild/std/markdown v0.13.0 h1:xoVRDoJRY/dlfUs1NQS7my+3DrEO/HT4YsrMlm2VqBE=
gitlab.com/antipy/antibuild/std/markdown v0.13.0/go.mod h1:ZS1RRY3vpC0pdkl7Niz74vn9rMZsq4HH1uBAvNNuSkQ=
gitlab.com/antipy/antibuild/std/math v0.0.0-20190508204339-f2c6f3da0513 h1:3vkfE2gdQtLKVHZkYn4ob6hZ+HojP+e0YcBO48t9poY=
gitlab.com/antipy/antibuild/std/math v0.0.0-20190508204339-f2c6f3da0513/go.mod h1:URcnj+rOk4gptmi4/Xh2BKzq7igHtRp7Gg5Qrt0Hobc=
gitlab.com/antipy/antibuild/std/math v0.0.0-20190520114513-aced529fb864 h1:l9XhtV8qpy6yNZOFwI6t2KQJZ4Ts9lqF0BFXyB+xXsM=
gitlab.com/antipy/antibuild/std/math v0.0.0-20190520114513-aced529fb864/go.mod h1:URcnj+rOk4gptmi4/Xh2BKzq7igHtRp7Gg5Qrt0Hobc=
gitlab.com/antipy/antibuild/std/math v0.13.0 h1:4ggVAWSScxrt1u5+fajgZmh6/WRsfyMY6VX+ceSD71s=
gitlab.com/antipy/antibuild/std/math v0.13.0/go.mod h1:Mkp7CHB/Tg1eadno4DSGK+EMdh/0DokaL6mlueSKdyY=
gitlab.com/antipy/antibuild/std/noescape v0.0.0-20190508204339-f2c6f3da0513 h1:qnb547Mz8jC0VetuNnkkYTp/Bcn//DbpAEbzJDNxT+o=
gitlab.com/antipy/antibuild/std/noescape v0.0.0-20190508204339-f2c6f3da0513/go.mod h1:fVdwoWWUDQdxCn+aBozpZ+8+rh0jwKmhvo4jXqRY9B4=
gitlab.com/antipy/antibuild/std/noescape v0.0.0-20190520114513-aced529fb864 h1:A3qrfruQ+loj9CNieMSrZEiKqkD6cWEkN4ypv3bhuzE=
gitlab.com/antipy/antibuild/std/noescape v0.0.0-20190520114513-aced529fb864/go.mod h1:fVdwoWWUDQdxCn+aBozpZ+8+rh0jwKmhvo4jXqRY9B4=
gitlab.com/antipy/antibuild/std/noescape v0.13.0 h1:3zgZXRoinc85aRMTbpYUB4ZM4rQWaZfub5EM+UwoBH0=
gitlab.com/antipy/antibuild/std/noescape v0.13.0/go.mod h1:XxQlZwp9RMMU+/Msb3JTWOoNlyPtm17Bz9FFGcg5/Vk=
gitlab.com/antipy/antibuild/std/util v0.0.0-20190508204339-f2c6f3da0513 h1:A/BYJKa8sBujxd1/xPpFN0wB++AXPFLWRxT8tzPBx3E=
gitlab.com/antipy/antibuild/std/util v0.0.0-20190508204339-f2c6f3da0513/go.mod h1:m6ZbYIfu0TL+aPH+k23+da8VOxptCk9DBjdlkdANxOo=
gitlab.com/antipy/antibuild/std/util v0.0.0-20190520114513-aced529fb864 h1:61R1/gIeeSPG4wPnXPLqwpy4805aElE0JYLIXB8Ncnw=
gitlab.com/antipy/antibuild/std/util v0.0.0-20190520114513-aced529fb864/go.mod h1:m6ZbYIfu0TL+aPH+k23+da8VOxptCk9DBjdlkdANxOo=
gitlab.com/antipy/antibuild/std/util v0.13.0 h1:jrFdgmmaPEYtzgTiGTZ44FARMNjWOAqlWjvNGQmHU0Y=
gitlab.com/antipy/antibuild/std/util v0.13.0/go.mod h1:rrVXrLrUIhZwGJivz2aOIeNy95HoJ/YtCEgf6COzbJM=
gitlab.com/antipy/antibuild/std/yaml v0.0.0-20190508204339-f2c6f3da0513 h1:HFpQyBd1f9LSzDLKmA0tM4A1GdiiAB6jpvqfV4KJvfo=
gitlab.com/antipy/antibuild/std/yaml v0.0.0-20190508204339-f2c6f3da0513/go.mod h1:mjLBB9pppz1F6hg7u/5txLIyDy7mxROwZ3gf0up2ZcY=
gitlab.com/antipy/antibuild/std/yaml v0.0.0-20190520114513-aced529fb864 h1:wHdROoFIVwrdUIC2CTB0f+wtjfu6T8WkQ3fOBIgOVVc=
gitlab.com/antipy/antibuild/std/yaml v0.0.0-20190520114513-aced529fb864/go.mod h1:mjLBB9pppz1F6hg7u/5txLIyDy7mxROwZ3gf0up2ZcY=
gitlab.com/antipy/antibuild/std/yaml v0.13.0 h1:7Q41BfXOePSuWz3IENPwbsYcBOmk27ZnFQBOOxHISQs=
gitlab.com/antipy/antibuild/std/yaml v0.13.0/go.mod h1:9QbbPx9Y/mxD32E2iAjpyjxlLTsULtaIYOP4IctnepU=
gitlab.com/golang-commonmark/html v0.0.0-20180917080848-cfaf75183c4a h1:Ax7kdHNICZiIeFpmevmaEWb0Ae3BUj3zCTKhZHZ+zd0=
gitlab.com/golang-commonmark/html v0.0.0-20180917080848-cfaf75183c4a/go.mod h1:JT4uoTz0tfPoyVH88GZoWDNm5NHJI2VbUW+eyPClueI=
gitlab.com/golang-commonmark/linkify v0.0.0-20180917065525-c22b7bdb1179 h1:rbON2KwBnWuFMlSHM8LELLlwroDRZw6xv0e6il6e5dk=
gitlab.com/golang-commonmark/linkify v0.0.0-20180917065525-c22b7bdb1179/go.mod h1:Gn+LZmCrhPECMD3SOKlE+BOHwhOYD9j7WT9NUtkCrC8=
gitlab.com/golang-commonmark/markdown v0.0.0-20181102083822-772775880e1f h1:jwXy/CsM4xS2aoiF2fHAlukmInWhd2TlWB+HDCyvzKc=
gitlab.com/golang-commonmark/markdown v0.0.0-20181102083822-772775880e1f/go.mod h1:SIHlEr9462fpIfTrVWf3GqQDxnA65Vm3BMMsUtuA6W0=
gitlab.com/golang-commonmark/mdurl v0.0.0-20180912090424-e5bce34c34f2 h1:wD/sPUgx2QJFPTyXZpJnLaROolfeKuruh06U4pRV0WY=
gitlab.com/golang-commonmark/mdurl v0.0.0-20180912090424-e5bce34c34f2/go.mod h1:wQk4rLkWrdOPjUAtqJRJ10hIlseLSVYWP95PLrjDF9s=
gitlab.com/golang-commonmark/puny v0.0.0-20180912090636-2cd490539afe h1:5kUPFAF52umOUPH12MuNUmyVTseJRNBftDl/KfsvX3I=
gitlab.com/golang-commonmark/puny v0.0.0-20180912090636-2cd490539afe/go.mod h1:P9LSM1KVzrIstFgUaveuwiAm8PK5VTB3yJEU8kqlbrU=
golang.org/x/crypto v0.0.0-20190404164418-38d8ce5564a5 h1:bselrhR0Or1vomJZC8ZIjWtbDmn9OYFLX5Ik9alpJpE=
golang.org/x/crypto v0.0.0-20190404164418-38d8ce5564a5/go.mod h1:WFFai1msRO1wXaEeE5yQxYXgSfI8pQAWXbQop6sCtWE=
golang.org/x/sys v0.0.0-20190222072716-a9d3bda3a223 h1:DH4skfRX4EBpamg7iV4ZlCpblAHI6s6TDM39bFZumv8=
golang.org/x/sys v0.0.0-20190222072716-a9d3bda3a223/go.mod h1:STP8DvDyc/dI5b8T5hshtkjS+E42TnysNCUPdjciGhY=
golang.org/x/sys v0.0.0-20190403152447-81d4e9dc473e h1:nFYrTHrdrAOpShe27kaFHjsqYSEQ0KWqdWLu3xuZJts=
golang.org/x/sys v0.0.0-20190403152447-81d4e9dc473e/go.mod h1:h1NjWce9XRLGQEsW7wpKNCjG9DtNlClVuFLEZdDNbEs=
golang.org/x/text v0.3.2 h1:tW2bmiBqwgJj/UpqtC8EpXEZVYOwU0yG4iWbprSVAcs=
golang.org/x/text v0.3.2/go.mod h1:bEr9sfX3Q8Zfm5fL9x+3itogRgK3+ptLWKqgva+5dAk=
golang.org/x/tools v0.0.0-20180917221912-90fa682c2a6e/go.mod h1:n7NCudcB/nEzxVGmLbDWY5pfWTLqBcC2KZ6jyYvM4mQ=
gopkg.in/AlecAivazis/survey.v1 v1.7.0 h1:Gr+2QDJ4t2YifLZBDpyq98f4+KcXYbNadCPqwxAdLB4=
gopkg.in/AlecAivazis/survey.v1 v1.7.0/go.mod h1:2Ehl7OqkBl3Xb8VmC4oFW2bItAhnUfzIjrOzwRxCrOU=
gopkg.in/check.v1 v0.0.0-20161208181325-20d25e280405 h1:yhCVgyC4o1eVCa2tZl7eS0r+SDo693bJlVdllGtEeKM=
gopkg.in/check.v1 v0.0.0-20161208181325-20d25e280405/go.mod h1:Co6ibVJAznAaIkqp8huTwlJQCZ016jof/cbN4VW5Yz0=
gopkg.in/yaml.v2 v2.2.2 h1:ZCJp+EgiOT7lHqUV2J862kp8Qj64Jo6az82+3Td9dZw=
gopkg.in/yaml.v2 v2.2.2/go.mod h1:hI93XBmqTisBFMUTm0b8Fm+jr3Dg1NNxqwp+5A1VGuI=
